
Microsoft Visual Studio Solution File, Format Version 12.00
# Visual Studio Version 16
VisualStudioVersion = 16.0.30011.22
MinimumVisualStudioVersion = 10.0.40219.1
Project("{FAE04EC0-301F-11D3-BF4B-00C04F79EFBC}") = "Ex03.GaraegeLogic", "Ex03.GaraegeLogic\Ex03.GaraegeLogic.csproj", "{6D46341C-9DC5-4A21-B6E4-0A34E4B64F77}"
EndProject
Project("{FAE04EC0-301F-11D3-BF4B-00C04F79EFBC}") = "Ex03.ConsoleUI", "Ex03.ConsoleUI\Ex03.ConsoleUI.csproj", "{0FDE5D31-CDC9-40B9-9480-5A246081B6FC}"
EndProject
Project("{2150E333-8FDC-42A3-9474-1A3956D46DE8}") = "Solution Items", "Solution Items", "{65E8700A-81B6-4E68-8A36-E5EA25069E1F}"
	ProjectSection(SolutionItems) = preProject
		..\..\..\Desktop\סי שארפ\שיעורי בית\Ex3\B20 Ex03 Neta 313245177 Dana 208992321.docx = ..\..\..\Desktop\סי שארפ\שיעורי בית\Ex3\B20 Ex03 Neta 313245177 Dana 208992321.docx
		ExerciseCheckingReport.txt = ExerciseCheckingReport.txt
	EndProjectSection
EndProject
Global
	GlobalSection(SolutionConfigurationPlatforms) = preSolution
		Debug|Any CPU = Debug|Any CPU
		Release|Any CPU = Release|Any CPU
	EndGlobalSection
	GlobalSection(ProjectConfigurationPlatforms) = postSolution
		{6D46341C-9DC5-4A21-B6E4-0A34E4B64F77}.Debug|Any CPU.ActiveCfg = Debug|Any CPU
		{6D46341C-9DC5-4A21-B6E4-0A34E4B64F77}.Debug|Any CPU.Build.0 = Debug|Any CPU
		{6D46341C-9DC5-4A21-B6E4-0A34E4B64F77}.Release|Any CPU.ActiveCfg = Release|Any CPU
		{6D46341C-9DC5-4A21-B6E4-0A34E4B64F77}.Release|Any CPU.Build.0 = Release|Any CPU
		{0FDE5D31-CDC9-40B9-9480-5A246081B6FC}.Debug|Any CPU.ActiveCfg = Debug|Any CPU
		{0FDE5D31-CDC9-40B9-9480-5A246081B6FC}.Debug|Any CPU.Build.0 = Debug|Any CPU
		{0FDE5D31-CDC9-40B9-9480-5A246081B6FC}.Release|Any CPU.ActiveCfg = Release|Any CPU
		{0FDE5D31-CDC9-40B9-9480-5A246081B6FC}.Release|Any CPU.Build.0 = Release|Any CPU
	EndGlobalSection
	GlobalSection(SolutionProperties) = preSolution
		HideSolutionNode = FALSE
	EndGlobalSection
	GlobalSection(ExtensibilityGlobals) = postSolution
		SolutionGuid = {E0D3BCD6-0953-4D8D-A7DF-961AE448CEC7}
	EndGlobalSection
EndGlobal
